// !$*UTF8*$!
{
	archiveVersion = 1;
	classes = {
	};
	objectVersion = 46;
	objects = {

/* Begin PBXBuildFile section */
		7612EEF31B0525760024A933 /* RSVPTableViewCell.m in Sources */ = {isa = PBXBuildFile; fileRef = 7612EEF11B0525760024A933 /* RSVPTableViewCell.m */; };
		7612EEF41B0525760024A933 /* RSVPTableViewCell.xib in Resources */ = {isa = PBXBuildFile; fileRef = 7612EEF21B0525760024A933 /* RSVPTableViewCell.xib */; };
		7612EEF71B05A0CB0024A933 /* ParallaxTableViewCell.m in Sources */ = {isa = PBXBuildFile; fileRef = 7612EEF61B05A0CB0024A933 /* ParallaxTableViewCell.m */; };
		7640021D1AEFE9E500681FD8 /* ScreeningStore.m in Sources */ = {isa = PBXBuildFile; fileRef = 7640021C1AEFE9E500681FD8 /* ScreeningStore.m */; };
		764069351AF09BB6004DD42B /* TermsAndConditionsViewController.m in Sources */ = {isa = PBXBuildFile; fileRef = 764069331AF09BB6004DD42B /* TermsAndConditionsViewController.m */; };
		764069361AF09BB6004DD42B /* TermsAndConditionsViewController.xib in Resources */ = {isa = PBXBuildFile; fileRef = 764069341AF09BB6004DD42B /* TermsAndConditionsViewController.xib */; };
		7665D2D81AE4571200487F59 /* ScreeningDetailViewController.m in Sources */ = {isa = PBXBuildFile; fileRef = 7665D2D61AE4571200487F59 /* ScreeningDetailViewController.m */; };
		7665D2D91AE4571200487F59 /* ScreeningDetailViewController.xib in Resources */ = {isa = PBXBuildFile; fileRef = 7665D2D71AE4571200487F59 /* ScreeningDetailViewController.xib */; };
		767E79441AD61392003E9A23 /* main.m in Sources */ = {isa = PBXBuildFile; fileRef = 767E79431AD61392003E9A23 /* main.m */; };
		767E79471AD61392003E9A23 /* AppDelegate.m in Sources */ = {isa = PBXBuildFile; fileRef = 767E79461AD61392003E9A23 /* AppDelegate.m */; };
		767E794F1AD61392003E9A23 /* Images.xcassets in Resources */ = {isa = PBXBuildFile; fileRef = 767E794E1AD61392003E9A23 /* Images.xcassets */; };
		767E79521AD61392003E9A23 /* LaunchScreen.xib in Resources */ = {isa = PBXBuildFile; fileRef = 767E79501AD61392003E9A23 /* LaunchScreen.xib */; };
		767E795E1AD61393003E9A23 /* ReeelTests.m in Sources */ = {isa = PBXBuildFile; fileRef = 767E795D1AD61393003E9A23 /* ReeelTests.m */; };
		76BEB5251AF097DB00F708EF /* ProfileInformationViewController.m in Sources */ = {isa = PBXBuildFile; fileRef = 76BEB5231AF097DB00F708EF /* ProfileInformationViewController.m */; };
		76BEB5261AF097DB00F708EF /* ProfileInformationViewController.xib in Resources */ = {isa = PBXBuildFile; fileRef = 76BEB5241AF097DB00F708EF /* ProfileInformationViewController.xib */; };
		76E4B1251AF14F9600CA8A8B /* ScreeningImageStore.m in Sources */ = {isa = PBXBuildFile; fileRef = 76E4B1241AF14F9600CA8A8B /* ScreeningImageStore.m */; };
		76E734F01AE8233A00F312E2 /* Screening.m in Sources */ = {isa = PBXBuildFile; fileRef = 76E734EF1AE8233A00F312E2 /* Screening.m */; };
		76E734F41AE827C300F312E2 /* ScreeningsTableViewController.m in Sources */ = {isa = PBXBuildFile; fileRef = 76E734F21AE827C300F312E2 /* ScreeningsTableViewController.m */; };
		76E735031AE83C2B00F312E2 /* ProfileTableViewController.m in Sources */ = {isa = PBXBuildFile; fileRef = 76E735011AE83C2B00F312E2 /* ProfileTableViewController.m */; };
		76E735041AE83C2B00F312E2 /* ProfileTableViewController.xib in Resources */ = {isa = PBXBuildFile; fileRef = 76E735021AE83C2B00F312E2 /* ProfileTableViewController.xib */; };
		76E735081AE83C5600F312E2 /* RSVPTableViewController.m in Sources */ = {isa = PBXBuildFile; fileRef = 76E735061AE83C5600F312E2 /* RSVPTableViewController.m */; };
		76E735091AE83C5600F312E2 /* RSVPTableViewController.xib in Resources */ = {isa = PBXBuildFile; fileRef = 76E735071AE83C5600F312E2 /* RSVPTableViewController.xib */; };
		76E7350D1AE8424200F312E2 /* ScreeningsTableViewCell.m in Sources */ = {isa = PBXBuildFile; fileRef = 76E7350B1AE8424200F312E2 /* ScreeningsTableViewCell.m */; };
		76E7350E1AE8424200F312E2 /* ScreeningsTableViewCell.xib in Resources */ = {isa = PBXBuildFile; fileRef = 76E7350C1AE8424200F312E2 /* ScreeningsTableViewCell.xib */; };
		8F0FBE229E29BBB2CE14FAD3 /* Pods_Reeel.framework in Frameworks */ = {isa = PBXBuildFile; fileRef = B9FEB03FA154DA69D6F0070C /* Pods_Reeel.framework */; settings = {ATTRIBUTES = (Weak, ); }; };
		F09972021AF523D400F18DA6 /* RSVPDetailViewController.m in Sources */ = {isa = PBXBuildFile; fileRef = F09972001AF523D400F18DA6 /* RSVPDetailViewController.m */; };
		F09972031AF523D400F18DA6 /* RSVPDetailViewController.xib in Resources */ = {isa = PBXBuildFile; fileRef = F09972011AF523D400F18DA6 /* RSVPDetailViewController.xib */; };
/* End PBXBuildFile section */

/* Begin PBXContainerItemProxy section */
		767E79581AD61393003E9A23 /* PBXContainerItemProxy */ = {
			isa = PBXContainerItemProxy;
			containerPortal = 767E79361AD61392003E9A23 /* Project object */;
			proxyType = 1;
			remoteGlobalIDString = 767E793D1AD61392003E9A23;
			remoteInfo = Reeel;
		};
/* End PBXContainerItemProxy section */

/* Begin PBXFileReference section */
		39CBF1BD44BB2317D498396A /* Pods-Reeel.debug.xcconfig */ = {isa = PBXFileReference; includeInIndex = 1; lastKnownFileType = text.xcconfig; name = "Pods-Reeel.debug.xcconfig"; path = "Pods/Target Support Files/Pods-Reeel/Pods-Reeel.debug.xcconfig"; sourceTree = "<group>"; };
		7612EEF01B0525760024A933 /* RSVPTableViewCell.h */ = {isa = PBXFileReference; fileEncoding = 4; lastKnownFileType = sourcecode.c.h; path = RSVPTableViewCell.h; sourceTree = "<group>"; };
		7612EEF11B0525760024A933 /* RSVPTableViewCell.m */ = {isa = PBXFileReference; fileEncoding = 4; lastKnownFileType = sourcecode.c.objc; path = RSVPTableViewCell.m; sourceTree = "<group>"; };
		7612EEF21B0525760024A933 /* RSVPTableViewCell.xib */ = {isa = PBXFileReference; fileEncoding = 4; lastKnownFileType = file.xib; path = RSVPTableViewCell.xib; sourceTree = "<group>"; };
		7612EEF51B05A0CB0024A933 /* ParallaxTableViewCell.h */ = {isa = PBXFileReference; fileEncoding = 4; lastKnownFileType = sourcecode.c.h; path = ParallaxTableViewCell.h; sourceTree = "<group>"; };
		7612EEF61B05A0CB0024A933 /* ParallaxTableViewCell.m */ = {isa = PBXFileReference; fileEncoding = 4; lastKnownFileType = sourcecode.c.objc; path = ParallaxTableViewCell.m; sourceTree = "<group>"; };
		7640021B1AEFE9E500681FD8 /* ScreeningStore.h */ = {isa = PBXFileReference; fileEncoding = 4; lastKnownFileType = sourcecode.c.h; path = ScreeningStore.h; sourceTree = "<group>"; };
		7640021C1AEFE9E500681FD8 /* ScreeningStore.m */ = {isa = PBXFileReference; fileEncoding = 4; lastKnownFileType = sourcecode.c.objc; path = ScreeningStore.m; sourceTree = "<group>"; };
		764069321AF09BB6004DD42B /* TermsAndConditionsViewController.h */ = {isa = PBXFileReference; fileEncoding = 4; lastKnownFileType = sourcecode.c.h; path = TermsAndConditionsViewController.h; sourceTree = "<group>"; };
		764069331AF09BB6004DD42B /* TermsAndConditionsViewController.m */ = {isa = PBXFileReference; fileEncoding = 4; lastKnownFileType = sourcecode.c.objc; path = TermsAndConditionsViewController.m; sourceTree = "<group>"; };
		764069341AF09BB6004DD42B /* TermsAndConditionsViewController.xib */ = {isa = PBXFileReference; fileEncoding = 4; lastKnownFileType = file.xib; path = TermsAndConditionsViewController.xib; sourceTree = "<group>"; };
		7665D2D51AE4571200487F59 /* ScreeningDetailViewController.h */ = {isa = PBXFileReference; fileEncoding = 4; lastKnownFileType = sourcecode.c.h; path = ScreeningDetailViewController.h; sourceTree = "<group>"; };
		7665D2D61AE4571200487F59 /* ScreeningDetailViewController.m */ = {isa = PBXFileReference; fileEncoding = 4; lastKnownFileType = sourcecode.c.objc; path = ScreeningDetailViewController.m; sourceTree = "<group>"; };
		7665D2D71AE4571200487F59 /* ScreeningDetailViewController.xib */ = {isa = PBXFileReference; fileEncoding = 4; lastKnownFileType = file.xib; path = ScreeningDetailViewController.xib; sourceTree = "<group>"; };
		767E793E1AD61392003E9A23 /* Reeel.app */ = {isa = PBXFileReference; explicitFileType = wrapper.application; includeInIndex = 0; path = Reeel.app; sourceTree = BUILT_PRODUCTS_DIR; };
		767E79421AD61392003E9A23 /* Info.plist */ = {isa = PBXFileReference; lastKnownFileType = text.plist.xml; path = Info.plist; sourceTree = "<group>"; };
		767E79431AD61392003E9A23 /* main.m */ = {isa = PBXFileReference; lastKnownFileType = sourcecode.c.objc; path = main.m; sourceTree = "<group>"; };
		767E79451AD61392003E9A23 /* AppDelegate.h */ = {isa = PBXFileReference; lastKnownFileType = sourcecode.c.h; path = AppDelegate.h; sourceTree = "<group>"; };
		767E79461AD61392003E9A23 /* AppDelegate.m */ = {isa = PBXFileReference; lastKnownFileType = sourcecode.c.objc; path = AppDelegate.m; sourceTree = "<group>"; };
		767E794E1AD61392003E9A23 /* Images.xcassets */ = {isa = PBXFileReference; lastKnownFileType = folder.assetcatalog; path = Images.xcassets; sourceTree = "<group>"; };
		767E79511AD61392003E9A23 /* Base */ = {isa = PBXFileReference; lastKnownFileType = file.xib; name = Base; path = Base.lproj/LaunchScreen.xib; sourceTree = "<group>"; };
		767E79571AD61393003E9A23 /* ReeelTests.xctest */ = {isa = PBXFileReference; explicitFileType = wrapper.cfbundle; includeInIndex = 0; path = ReeelTests.xctest; sourceTree = BUILT_PRODUCTS_DIR; };
		767E795C1AD61393003E9A23 /* Info.plist */ = {isa = PBXFileReference; lastKnownFileType = text.plist.xml; path = Info.plist; sourceTree = "<group>"; };
		767E795D1AD61393003E9A23 /* ReeelTests.m */ = {isa = PBXFileReference; lastKnownFileType = sourcecode.c.objc; path = ReeelTests.m; sourceTree = "<group>"; };
		767E79771AD615FC003E9A23 /* AudioToolbox.framework */ = {isa = PBXFileReference; lastKnownFileType = wrapper.framework; name = AudioToolbox.framework; path = System/Library/Frameworks/AudioToolbox.framework; sourceTree = SDKROOT; };
		767E79791AD61699003E9A23 /* CFNetwork.framework */ = {isa = PBXFileReference; lastKnownFileType = wrapper.framework; name = CFNetwork.framework; path = System/Library/Frameworks/CFNetwork.framework; sourceTree = SDKROOT; };
		767E797A1AD61699003E9A23 /* CoreGraphics.framework */ = {isa = PBXFileReference; lastKnownFileType = wrapper.framework; name = CoreGraphics.framework; path = System/Library/Frameworks/CoreGraphics.framework; sourceTree = SDKROOT; };
		767E797B1AD61699003E9A23 /* CoreLocation.framework */ = {isa = PBXFileReference; lastKnownFileType = wrapper.framework; name = CoreLocation.framework; path = System/Library/Frameworks/CoreLocation.framework; sourceTree = SDKROOT; };
		767E797C1AD61699003E9A23 /* libz.dylib */ = {isa = PBXFileReference; lastKnownFileType = "compiled.mach-o.dylib"; name = libz.dylib; path = usr/lib/libz.dylib; sourceTree = SDKROOT; };
		767E797D1AD61699003E9A23 /* MobileCoreServices.framework */ = {isa = PBXFileReference; lastKnownFileType = wrapper.framework; name = MobileCoreServices.framework; path = System/Library/Frameworks/MobileCoreServices.framework; sourceTree = SDKROOT; };
		767E797E1AD61699003E9A23 /* QuartzCore.framework */ = {isa = PBXFileReference; lastKnownFileType = wrapper.framework; name = QuartzCore.framework; path = System/Library/Frameworks/QuartzCore.framework; sourceTree = SDKROOT; };
		767E797F1AD61699003E9A23 /* Security.framework */ = {isa = PBXFileReference; lastKnownFileType = wrapper.framework; name = Security.framework; path = System/Library/Frameworks/Security.framework; sourceTree = SDKROOT; };
		767E79801AD61699003E9A23 /* StoreKit.framework */ = {isa = PBXFileReference; lastKnownFileType = wrapper.framework; name = StoreKit.framework; path = System/Library/Frameworks/StoreKit.framework; sourceTree = SDKROOT; };
		767E79811AD61699003E9A23 /* SystemConfiguration.framework */ = {isa = PBXFileReference; lastKnownFileType = wrapper.framework; name = SystemConfiguration.framework; path = System/Library/Frameworks/SystemConfiguration.framework; sourceTree = SDKROOT; };
		767E798B1AD616AD003E9A23 /* libsqlite3.dylib */ = {isa = PBXFileReference; lastKnownFileType = "compiled.mach-o.dylib"; name = libsqlite3.dylib; path = usr/lib/libsqlite3.dylib; sourceTree = SDKROOT; };
		76BEB5221AF097DB00F708EF /* ProfileInformationViewController.h */ = {isa = PBXFileReference; fileEncoding = 4; lastKnownFileType = sourcecode.c.h; path = ProfileInformationViewController.h; sourceTree = "<group>"; };
		76BEB5231AF097DB00F708EF /* ProfileInformationViewController.m */ = {isa = PBXFileReference; fileEncoding = 4; lastKnownFileType = sourcecode.c.objc; path = ProfileInformationViewController.m; sourceTree = "<group>"; };
		76BEB5241AF097DB00F708EF /* ProfileInformationViewController.xib */ = {isa = PBXFileReference; fileEncoding = 4; lastKnownFileType = file.xib; path = ProfileInformationViewController.xib; sourceTree = "<group>"; };
		76E4B1231AF14F9600CA8A8B /* ScreeningImageStore.h */ = {isa = PBXFileReference; fileEncoding = 4; lastKnownFileType = sourcecode.c.h; path = ScreeningImageStore.h; sourceTree = "<group>"; };
		76E4B1241AF14F9600CA8A8B /* ScreeningImageStore.m */ = {isa = PBXFileReference; fileEncoding = 4; lastKnownFileType = sourcecode.c.objc; path = ScreeningImageStore.m; sourceTree = "<group>"; };
		76E734EE1AE8233A00F312E2 /* Screening.h */ = {isa = PBXFileReference; fileEncoding = 4; lastKnownFileType = sourcecode.c.h; path = Screening.h; sourceTree = "<group>"; };
		76E734EF1AE8233A00F312E2 /* Screening.m */ = {isa = PBXFileReference; fileEncoding = 4; lastKnownFileType = sourcecode.c.objc; path = Screening.m; sourceTree = "<group>"; };
		76E734F11AE827C300F312E2 /* ScreeningsTableViewController.h */ = {isa = PBXFileReference; fileEncoding = 4; lastKnownFileType = sourcecode.c.h; path = ScreeningsTableViewController.h; sourceTree = "<group>"; };
		76E734F21AE827C300F312E2 /* ScreeningsTableViewController.m */ = {isa = PBXFileReference; fileEncoding = 4; lastKnownFileType = sourcecode.c.objc; path = ScreeningsTableViewController.m; sourceTree = "<group>"; };
		76E735001AE83C2B00F312E2 /* ProfileTableViewController.h */ = {isa = PBXFileReference; fileEncoding = 4; lastKnownFileType = sourcecode.c.h; path = ProfileTableViewController.h; sourceTree = "<group>"; };
		76E735011AE83C2B00F312E2 /* ProfileTableViewController.m */ = {isa = PBXFileReference; fileEncoding = 4; lastKnownFileType = sourcecode.c.objc; path = ProfileTableViewController.m; sourceTree = "<group>"; };
		76E735021AE83C2B00F312E2 /* ProfileTableViewController.xib */ = {isa = PBXFileReference; fileEncoding = 4; lastKnownFileType = file.xib; path = ProfileTableViewController.xib; sourceTree = "<group>"; };
		76E735051AE83C5600F312E2 /* RSVPTableViewController.h */ = {isa = PBXFileReference; fileEncoding = 4; lastKnownFileType = sourcecode.c.h; path = RSVPTableViewController.h; sourceTree = "<group>"; };
		76E735061AE83C5600F312E2 /* RSVPTableViewController.m */ = {isa = PBXFileReference; fileEncoding = 4; lastKnownFileType = sourcecode.c.objc; path = RSVPTableViewController.m; sourceTree = "<group>"; };
		76E735071AE83C5600F312E2 /* RSVPTableViewController.xib */ = {isa = PBXFileReference; fileEncoding = 4; lastKnownFileType = file.xib; path = RSVPTableViewController.xib; sourceTree = "<group>"; };
		76E7350A1AE8424200F312E2 /* ScreeningsTableViewCell.h */ = {isa = PBXFileReference; fileEncoding = 4; lastKnownFileType = sourcecode.c.h; path = ScreeningsTableViewCell.h; sourceTree = "<group>"; };
		76E7350B1AE8424200F312E2 /* ScreeningsTableViewCell.m */ = {isa = PBXFileReference; fileEncoding = 4; lastKnownFileType = sourcecode.c.objc; path = ScreeningsTableViewCell.m; sourceTree = "<group>"; };
		76E7350C1AE8424200F312E2 /* ScreeningsTableViewCell.xib */ = {isa = PBXFileReference; fileEncoding = 4; lastKnownFileType = file.xib; path = ScreeningsTableViewCell.xib; sourceTree = "<group>"; };
		B9FEB03FA154DA69D6F0070C /* Pods_Reeel.framework */ = {isa = PBXFileReference; explicitFileType = wrapper.framework; includeInIndex = 0; path = Pods_Reeel.framework; sourceTree = BUILT_PRODUCTS_DIR; };
		E308284A5C96ECBA1E9D5563 /* Pods-Reeel.release.xcconfig */ = {isa = PBXFileReference; includeInIndex = 1; lastKnownFileType = text.xcconfig; name = "Pods-Reeel.release.xcconfig"; path = "Pods/Target Support Files/Pods-Reeel/Pods-Reeel.release.xcconfig"; sourceTree = "<group>"; };
		F09971FF1AF523D400F18DA6 /* RSVPDetailViewController.h */ = {isa = PBXFileReference; fileEncoding = 4; lastKnownFileType = sourcecode.c.h; name = RSVPDetailViewController.h; path = ../RSVPDetailViewController.h; sourceTree = "<group>"; };
		F09972001AF523D400F18DA6 /* RSVPDetailViewController.m */ = {isa = PBXFileReference; fileEncoding = 4; lastKnownFileType = sourcecode.c.objc; name = RSVPDetailViewController.m; path = ../RSVPDetailViewController.m; sourceTree = "<group>"; };
		F09972011AF523D400F18DA6 /* RSVPDetailViewController.xib */ = {isa = PBXFileReference; fileEncoding = 4; lastKnownFileType = file.xib; name = RSVPDetailViewController.xib; path = ../RSVPDetailViewController.xib; sourceTree = "<group>"; };
/* End PBXFileReference section */

/* Begin PBXFrameworksBuildPhase section */
		767E793B1AD61392003E9A23 /* Frameworks */ = {
			isa = PBXFrameworksBuildPhase;
			buildActionMask = 2147483647;
			files = (
				8F0FBE229E29BBB2CE14FAD3 /* Pods_Reeel.framework in Frameworks */,
			);
			runOnlyForDeploymentPostprocessing = 0;
		};
		767E79541AD61393003E9A23 /* Frameworks */ = {
			isa = PBXFrameworksBuildPhase;
			buildActionMask = 2147483647;
			files = (
			);
			runOnlyForDeploymentPostprocessing = 0;
		};
/* End PBXFrameworksBuildPhase section */

/* Begin PBXGroup section */
		767E79351AD61392003E9A23 = {
			isa = PBXGroup;
			children = (
				767E79721AD6158C003E9A23 /* Frameworks */,
				767E79401AD61392003E9A23 /* Reeel */,
				767E795A1AD61393003E9A23 /* ReeelTests */,
				767E793F1AD61392003E9A23 /* Products */,
				E9346436934DD8FF288DEA9B /* Pods */,
			);
			sourceTree = "<group>";
		};
		767E793F1AD61392003E9A23 /* Products */ = {
			isa = PBXGroup;
			children = (
				767E793E1AD61392003E9A23 /* Reeel.app */,
				767E79571AD61393003E9A23 /* ReeelTests.xctest */,
			);
			name = Products;
			sourceTree = "<group>";
		};
		767E79401AD61392003E9A23 /* Reeel */ = {
			isa = PBXGroup;
			children = (
				7612EEF51B05A0CB0024A933 /* ParallaxTableViewCell.h */,
				7612EEF61B05A0CB0024A933 /* ParallaxTableViewCell.m */,
				7612EEF01B0525760024A933 /* RSVPTableViewCell.h */,
				7612EEF11B0525760024A933 /* RSVPTableViewCell.m */,
				7612EEF21B0525760024A933 /* RSVPTableViewCell.xib */,
				F09971FF1AF523D400F18DA6 /* RSVPDetailViewController.h */,
				F09972001AF523D400F18DA6 /* RSVPDetailViewController.m */,
				F09972011AF523D400F18DA6 /* RSVPDetailViewController.xib */,
				7665D2D51AE4571200487F59 /* ScreeningDetailViewController.h */,
				7665D2D61AE4571200487F59 /* ScreeningDetailViewController.m */,
				7665D2D71AE4571200487F59 /* ScreeningDetailViewController.xib */,
				767E79451AD61392003E9A23 /* AppDelegate.h */,
				767E79461AD61392003E9A23 /* AppDelegate.m */,
				76E734EE1AE8233A00F312E2 /* Screening.h */,
				76E734EF1AE8233A00F312E2 /* Screening.m */,
				76E734F11AE827C300F312E2 /* ScreeningsTableViewController.h */,
				76E734F21AE827C300F312E2 /* ScreeningsTableViewController.m */,
				76E7350A1AE8424200F312E2 /* ScreeningsTableViewCell.h */,
				76E7350B1AE8424200F312E2 /* ScreeningsTableViewCell.m */,
				76E7350C1AE8424200F312E2 /* ScreeningsTableViewCell.xib */,
				767E794E1AD61392003E9A23 /* Images.xcassets */,
				767E79501AD61392003E9A23 /* LaunchScreen.xib */,
				767E79411AD61392003E9A23 /* Supporting Files */,
				76E735001AE83C2B00F312E2 /* ProfileTableViewController.h */,
				76E735011AE83C2B00F312E2 /* ProfileTableViewController.m */,
				76E735021AE83C2B00F312E2 /* ProfileTableViewController.xib */,
				76E735051AE83C5600F312E2 /* RSVPTableViewController.h */,
				76E735061AE83C5600F312E2 /* RSVPTableViewController.m */,
				76E735071AE83C5600F312E2 /* RSVPTableViewController.xib */,
				7640021B1AEFE9E500681FD8 /* ScreeningStore.h */,
				7640021C1AEFE9E500681FD8 /* ScreeningStore.m */,
				76BEB5221AF097DB00F708EF /* ProfileInformationViewController.h */,
				76BEB5231AF097DB00F708EF /* ProfileInformationViewController.m */,
				76BEB5241AF097DB00F708EF /* ProfileInformationViewController.xib */,
				764069321AF09BB6004DD42B /* TermsAndConditionsViewController.h */,
				764069331AF09BB6004DD42B /* TermsAndConditionsViewController.m */,
				764069341AF09BB6004DD42B /* TermsAndConditionsViewController.xib */,
				76E4B1231AF14F9600CA8A8B /* ScreeningImageStore.h */,
				76E4B1241AF14F9600CA8A8B /* ScreeningImageStore.m */,
			);
			path = Reeel;
			sourceTree = "<group>";
		};
		767E79411AD61392003E9A23 /* Supporting Files */ = {
			isa = PBXGroup;
			children = (
				767E79421AD61392003E9A23 /* Info.plist */,
				767E79431AD61392003E9A23 /* main.m */,
			);
			name = "Supporting Files";
			sourceTree = "<group>";
		};
		767E795A1AD61393003E9A23 /* ReeelTests */ = {
			isa = PBXGroup;
			children = (
				767E795D1AD61393003E9A23 /* ReeelTests.m */,
				767E795B1AD61393003E9A23 /* Supporting Files */,
			);
			path = ReeelTests;
			sourceTree = "<group>";
		};
		767E795B1AD61393003E9A23 /* Supporting Files */ = {
			isa = PBXGroup;
			children = (
				767E795C1AD61393003E9A23 /* Info.plist */,
			);
			name = "Supporting Files";
			sourceTree = "<group>";
		};
		767E79721AD6158C003E9A23 /* Frameworks */ = {
			isa = PBXGroup;
			children = (
				767E798B1AD616AD003E9A23 /* libsqlite3.dylib */,
				767E79791AD61699003E9A23 /* CFNetwork.framework */,
				767E797A1AD61699003E9A23 /* CoreGraphics.framework */,
				767E797B1AD61699003E9A23 /* CoreLocation.framework */,
				767E797C1AD61699003E9A23 /* libz.dylib */,
				767E797D1AD61699003E9A23 /* MobileCoreServices.framework */,
				767E797E1AD61699003E9A23 /* QuartzCore.framework */,
				767E797F1AD61699003E9A23 /* Security.framework */,
				767E79801AD61699003E9A23 /* StoreKit.framework */,
				767E79811AD61699003E9A23 /* SystemConfiguration.framework */,
				767E79771AD615FC003E9A23 /* AudioToolbox.framework */,
				B9FEB03FA154DA69D6F0070C /* Pods_Reeel.framework */,
			);
			name = Frameworks;
			sourceTree = "<group>";
		};
		E9346436934DD8FF288DEA9B /* Pods */ = {
			isa = PBXGroup;
			children = (
				39CBF1BD44BB2317D498396A /* Pods-Reeel.debug.xcconfig */,
				E308284A5C96ECBA1E9D5563 /* Pods-Reeel.release.xcconfig */,
			);
			name = Pods;
			sourceTree = "<group>";
		};
/* End PBXGroup section */

/* Begin PBXNativeTarget section */
		767E793D1AD61392003E9A23 /* Reeel */ = {
			isa = PBXNativeTarget;
			buildConfigurationList = 767E79611AD61393003E9A23 /* Build configuration list for PBXNativeTarget "Reeel" */;
			buildPhases = (
				628E40291E4BD25DB70B128A /* Check Pods Manifest.lock */,
				767E793A1AD61392003E9A23 /* Sources */,
				767E793B1AD61392003E9A23 /* Frameworks */,
				767E793C1AD61392003E9A23 /* Resources */,
				8E9A651B1CF52B4D8715B824 /* Embed Pods Frameworks */,
				06EB2EB1756A4CC1D0FB5845 /* Copy Pods Resources */,
			);
			buildRules = (
			);
			dependencies = (
			);
			name = Reeel;
			productName = Reeel;
			productReference = 767E793E1AD61392003E9A23 /* Reeel.app */;
			productType = "com.apple.product-type.application";
		};
		767E79561AD61393003E9A23 /* ReeelTests */ = {
			isa = PBXNativeTarget;
			buildConfigurationList = 767E79641AD61393003E9A23 /* Build configuration list for PBXNativeTarget "ReeelTests" */;
			buildPhases = (
				767E79531AD61393003E9A23 /* Sources */,
				767E79541AD61393003E9A23 /* Frameworks */,
				767E79551AD61393003E9A23 /* Resources */,
			);
			buildRules = (
			);
			dependencies = (
				767E79591AD61393003E9A23 /* PBXTargetDependency */,
			);
			name = ReeelTests;
			productName = ReeelTests;
			productReference = 767E79571AD61393003E9A23 /* ReeelTests.xctest */;
			productType = "com.apple.product-type.bundle.unit-test";
		};
/* End PBXNativeTarget section */

/* Begin PBXProject section */
		767E79361AD61392003E9A23 /* Project object */ = {
			isa = PBXProject;
			attributes = {
				LastUpgradeCheck = 0620;
				ORGANIZATIONNAME = colp;
				TargetAttributes = {
					767E793D1AD61392003E9A23 = {
						CreatedOnToolsVersion = 6.2;
						DevelopmentTeam = 9U8B84CL7Y;
					};
					767E79561AD61393003E9A23 = {
						CreatedOnToolsVersion = 6.2;
						TestTargetID = 767E793D1AD61392003E9A23;
					};
				};
			};
			buildConfigurationList = 767E79391AD61392003E9A23 /* Build configuration list for PBXProject "Reeel" */;
			compatibilityVersion = "Xcode 3.2";
			developmentRegion = English;
			hasScannedForEncodings = 0;
			knownRegions = (
				en,
				Base,
			);
			mainGroup = 767E79351AD61392003E9A23;
			productRefGroup = 767E793F1AD61392003E9A23 /* Products */;
			projectDirPath = "";
			projectRoot = "";
			targets = (
				767E793D1AD61392003E9A23 /* Reeel */,
				767E79561AD61393003E9A23 /* ReeelTests */,
			);
		};
/* End PBXProject section */

/* Begin PBXResourcesBuildPhase section */
		767E793C1AD61392003E9A23 /* Resources */ = {
			isa = PBXResourcesBuildPhase;
			buildActionMask = 2147483647;
			files = (
				76E7350E1AE8424200F312E2 /* ScreeningsTableViewCell.xib in Resources */,
				767E79521AD61392003E9A23 /* LaunchScreen.xib in Resources */,
				7665D2D91AE4571200487F59 /* ScreeningDetailViewController.xib in Resources */,
				F09972031AF523D400F18DA6 /* RSVPDetailViewController.xib in Resources */,
				76BEB5261AF097DB00F708EF /* ProfileInformationViewController.xib in Resources */,
				764069361AF09BB6004DD42B /* TermsAndConditionsViewController.xib in Resources */,
				7612EEF41B0525760024A933 /* RSVPTableViewCell.xib in Resources */,
				76E735041AE83C2B00F312E2 /* ProfileTableViewController.xib in Resources */,
				76E735091AE83C5600F312E2 /* RSVPTableViewController.xib in Resources */,
				767E794F1AD61392003E9A23 /* Images.xcassets in Resources */,
			);
			runOnlyForDeploymentPostprocessing = 0;
		};
		767E79551AD61393003E9A23 /* Resources */ = {
			isa = PBXResourcesBuildPhase;
			buildActionMask = 2147483647;
			files = (
			);
			runOnlyForDeploymentPostprocessing = 0;
		};
/* End PBXResourcesBuildPhase section */

/* Begin PBXShellScriptBuildPhase section */
		06EB2EB1756A4CC1D0FB5845 /* Copy Pods Resources */ = {
			isa = PBXShellScriptBuildPhase;
			buildActionMask = 2147483647;
			files = (
			);
			inputPaths = (
			);
			name = "Copy Pods Resources";
			outputPaths = (
			);
			runOnlyForDeploymentPostprocessing = 0;
			shellPath = /bin/sh;
			shellScript = "\"${SRCROOT}/Pods/Target Support Files/Pods-Reeel/Pods-Reeel-resources.sh\"\n";
			showEnvVarsInLog = 0;
		};
		628E40291E4BD25DB70B128A /* Check Pods Manifest.lock */ = {
			isa = PBXShellScriptBuildPhase;
			buildActionMask = 2147483647;
			files = (
			);
			inputPaths = (
			);
			name = "Check Pods Manifest.lock";
			outputPaths = (
			);
			runOnlyForDeploymentPostprocessing = 0;
			shellPath = /bin/sh;
			shellScript = "diff \"${PODS_ROOT}/../Podfile.lock\" \"${PODS_ROOT}/Manifest.lock\" > /dev/null\nif [[ $? != 0 ]] ; then\n    cat << EOM\nerror: The sandbox is not in sync with the Podfile.lock. Run 'pod install' or update your CocoaPods installation.\nEOM\n    exit 1\nfi\n";
			showEnvVarsInLog = 0;
		};
		8E9A651B1CF52B4D8715B824 /* Embed Pods Frameworks */ = {
			isa = PBXShellScriptBuildPhase;
			buildActionMask = 2147483647;
			files = (
			);
			inputPaths = (
			);
			name = "Embed Pods Frameworks";
			outputPaths = (
			);
			runOnlyForDeploymentPostprocessing = 0;
			shellPath = /bin/sh;
			shellScript = "\"${SRCROOT}/Pods/Target Support Files/Pods-Reeel/Pods-Reeel-frameworks.sh\"\n";
			showEnvVarsInLog = 0;
		};
/* End PBXShellScriptBuildPhase section */

/* Begin PBXSourcesBuildPhase section */
		767E793A1AD61392003E9A23 /* Sources */ = {
			isa = PBXSourcesBuildPhase;
			buildActionMask = 2147483647;
			files = (
				76E735081AE83C5600F312E2 /* RSVPTableViewController.m in Sources */,
				76E7350D1AE8424200F312E2 /* ScreeningsTableViewCell.m in Sources */,
				7612EEF31B0525760024A933 /* RSVPTableViewCell.m in Sources */,
				7640021D1AEFE9E500681FD8 /* ScreeningStore.m in Sources */,
				767E79471AD61392003E9A23 /* AppDelegate.m in Sources */,
				7665D2D81AE4571200487F59 /* ScreeningDetailViewController.m in Sources */,
				76E734F01AE8233A00F312E2 /* Screening.m in Sources */,
				76E4B1251AF14F9600CA8A8B /* ScreeningImageStore.m in Sources */,
				764069351AF09BB6004DD42B /* TermsAndConditionsViewController.m in Sources */,
				7612EEF71B05A0CB0024A933 /* ParallaxTableViewCell.m in Sources */,
				767E79441AD61392003E9A23 /* main.m in Sources */,
				76E734F41AE827C300F312E2 /* ScreeningsTableViewController.m in Sources */,
				76E735031AE83C2B00F312E2 /* ProfileTableViewController.m in Sources */,
				F09972021AF523D400F18DA6 /* RSVPDetailViewController.m in Sources */,
				76BEB5251AF097DB00F708EF /* ProfileInformationViewController.m in Sources */,
			);
			runOnlyForDeploymentPostprocessing = 0;
		};
		767E79531AD61393003E9A23 /* Sources */ = {
			isa = PBXSourcesBuildPhase;
			buildActionMask = 2147483647;
			files = (
				767E795E1AD61393003E9A23 /* ReeelTests.m in Sources */,
			);
			runOnlyForDeploymentPostprocessing = 0;
		};
/* End PBXSourcesBuildPhase section */

/* Begin PBXTargetDependency section */
		767E79591AD61393003E9A23 /* PBXTargetDependency */ = {
			isa = PBXTargetDependency;
			target = 767E793D1AD61392003E9A23 /* Reeel */;
			targetProxy = 767E79581AD61393003E9A23 /* PBXContainerItemProxy */;
		};
/* End PBXTargetDependency section */

/* Begin PBXVariantGroup section */
		767E79501AD61392003E9A23 /* LaunchScreen.xib */ = {
			isa = PBXVariantGroup;
			children = (
				767E79511AD61392003E9A23 /* Base */,
			);
			name = LaunchScreen.xib;
			sourceTree = "<group>";
		};
/* End PBXVariantGroup section */

/* Begin XCBuildConfiguration section */
		767E795F1AD61393003E9A23 /* Debug */ = {
			isa = XCBuildConfiguration;
			buildSettings = {
				ALWAYS_SEARCH_USER_PATHS = NO;
				CLANG_CXX_LANGUAGE_STANDARD = "gnu++0x";
				CLANG_CXX_LIBRARY = "libc++";
				CLANG_ENABLE_MODULES = YES;
				CLANG_ENABLE_OBJC_ARC = YES;
				CLANG_WARN_BOOL_CONVERSION = YES;
				CLANG_WARN_CONSTANT_CONVERSION = YES;
				CLANG_WARN_DIRECT_OBJC_ISA_USAGE = YES_ERROR;
				CLANG_WARN_EMPTY_BODY = YES;
				CLANG_WARN_ENUM_CONVERSION = YES;
				CLANG_WARN_INT_CONVERSION = YES;
				CLANG_WARN_OBJC_ROOT_CLASS = YES_ERROR;
				CLANG_WARN_UNREACHABLE_CODE = YES;
				CLANG_WARN__DUPLICATE_METHOD_MATCH = YES;
				"CODE_SIGN_IDENTITY[sdk=iphoneos*]" = "iPhone Developer";
				COPY_PHASE_STRIP = NO;
				ENABLE_STRICT_OBJC_MSGSEND = YES;
				GCC_C_LANGUAGE_STANDARD = gnu99;
				GCC_DYNAMIC_NO_PIC = NO;
				GCC_OPTIMIZATION_LEVEL = 0;
				GCC_PREPROCESSOR_DEFINITIONS = (
					"DEBUG=1",
					"$(inherited)",
				);
				GCC_SYMBOLS_PRIVATE_EXTERN = NO;
				GCC_WARN_64_TO_32_BIT_CONVERSION = YES;
				GCC_WARN_ABOUT_RETURN_TYPE = YES_ERROR;
				GCC_WARN_UNDECLARED_SELECTOR = YES;
				GCC_WARN_UNINITIALIZED_AUTOS = YES_AGGRESSIVE;
				GCC_WARN_UNUSED_FUNCTION = YES;
				GCC_WARN_UNUSED_VARIABLE = YES;
				IPHONEOS_DEPLOYMENT_TARGET = 8.2;
				MTL_ENABLE_DEBUG_INFO = YES;
				ONLY_ACTIVE_ARCH = YES;
				SDKROOT = iphoneos;
			};
			name = Debug;
		};
		767E79601AD61393003E9A23 /* Release */ = {
			isa = XCBuildConfiguration;
			buildSettings = {
				ALWAYS_SEARCH_USER_PATHS = NO;
				CLANG_CXX_LANGUAGE_STANDARD = "gnu++0x";
				CLANG_CXX_LIBRARY = "libc++";
				CLANG_ENABLE_MODULES = YES;
				CLANG_ENABLE_OBJC_ARC = YES;
				CLANG_WARN_BOOL_CONVERSION = YES;
				CLANG_WARN_CONSTANT_CONVERSION = YES;
				CLANG_WARN_DIRECT_OBJC_ISA_USAGE = YES_ERROR;
				CLANG_WARN_EMPTY_BODY = YES;
				CLANG_WARN_ENUM_CONVERSION = YES;
				CLANG_WARN_INT_CONVERSION = YES;
				CLANG_WARN_OBJC_ROOT_CLASS = YES_ERROR;
				CLANG_WARN_UNREACHABLE_CODE = YES;
				CLANG_WARN__DUPLICATE_METHOD_MATCH = YES;
				"CODE_SIGN_IDENTITY[sdk=iphoneos*]" = "iPhone Developer";
				COPY_PHASE_STRIP = NO;
				ENABLE_NS_ASSERTIONS = NO;
				ENABLE_STRICT_OBJC_MSGSEND = YES;
				GCC_C_LANGUAGE_STANDARD = gnu99;
				GCC_WARN_64_TO_32_BIT_CONVERSION = YES;
				GCC_WARN_ABOUT_RETURN_TYPE = YES_ERROR;
				GCC_WARN_UNDECLARED_SELECTOR = YES;
				GCC_WARN_UNINITIALIZED_AUTOS = YES_AGGRESSIVE;
				GCC_WARN_UNUSED_FUNCTION = YES;
				GCC_WARN_UNUSED_VARIABLE = YES;
				IPHONEOS_DEPLOYMENT_TARGET = 8.2;
				MTL_ENABLE_DEBUG_INFO = NO;
				SDKROOT = iphoneos;
				VALIDATE_PRODUCT = YES;
			};
			name = Release;
		};
		767E79621AD61393003E9A23 /* Debug */ = {
			isa = XCBuildConfiguration;
			baseConfigurationReference = 39CBF1BD44BB2317D498396A /* Pods-Reeel.debug.xcconfig */;
			buildSettings = {
				ASSETCATALOG_COMPILER_APPICON_NAME = AppIcon;
				CODE_SIGN_IDENTITY = "iPhone Developer";
				INFOPLIST_FILE = Reeel/Info.plist;
				LD_RUNPATH_SEARCH_PATHS = "$(inherited) @executable_path/Frameworks";
				PRODUCT_NAME = "$(TARGET_NAME)";
			};
			name = Debug;
		};
		767E79631AD61393003E9A23 /* Release */ = {
			isa = XCBuildConfiguration;
			baseConfigurationReference = E308284A5C96ECBA1E9D5563 /* Pods-Reeel.release.xcconfig */;
			buildSettings = {
				ASSETCATALOG_COMPILER_APPICON_NAME = AppIcon;
				CODE_SIGN_IDENTITY = "iPhone Developer";
				INFOPLIST_FILE = Reeel/Info.plist;
				LD_RUNPATH_SEARCH_PATHS = "$(inherited) @executable_path/Frameworks";
				PRODUCT_NAME = "$(TARGET_NAME)";
			};
			name = Release;
		};
		767E79651AD61393003E9A23 /* Debug */ = {
			isa = XCBuildConfiguration;
			buildSettings = {
				BUNDLE_LOADER = "$(TEST_HOST)";
				FRAMEWORK_SEARCH_PATHS = (
					"$(SDKROOT)/Developer/Library/Frameworks",
					"$(inherited)",
				);
				GCC_PREPROCESSOR_DEFINITIONS = (
					"DEBUG=1",
					"$(inherited)",
				);
				INFOPLIST_FILE = ReeelTests/Info.plist;
				LD_RUNPATH_SEARCH_PATHS = "$(inherited) @executable_path/Frameworks @loader_path/Frameworks";
				PRODUCT_NAME = "$(TARGET_NAME)";
				TEST_HOST = "$(BUILT_PRODUCTS_DIR)/Reeel.app/Reeel";
			};
			name = Debug;
		};
		767E79661AD61393003E9A23 /* Release */ = {
			isa = XCBuildConfiguration;
			buildSettings = {
				BUNDLE_LOADER = "$(TEST_HOST)";
				FRAMEWORK_SEARCH_PATHS = (
					"$(SDKROOT)/Developer/Library/Frameworks",
					"$(inherited)",
				);
				INFOPLIST_FILE = ReeelTests/Info.plist;
				LD_RUNPATH_SEARCH_PATHS = "$(inherited) @executable_path/Frameworks @loader_path/Frameworks";
				PRODUCT_NAME = "$(TARGET_NAME)";
				TEST_HOST = "$(BUILT_PRODUCTS_DIR)/Reeel.app/Reeel";
			};
			name = Release;
		};
/* End XCBuildConfiguration section */

/* Begin XCConfigurationList section */
		767E79391AD61392003E9A23 /* Build configuration list for PBXProject "Reeel" */ = {
			isa = XCConfigurationList;
			buildConfigurations = (
				767E795F1AD61393003E9A23 /* Debug */,
				767E79601AD61393003E9A23 /* Release */,
			);
			defaultConfigurationIsVisible = 0;
			defaultConfigurationName = Release;
		};
		767E79611AD61393003E9A23 /* Build configuration list for PBXNativeTarget "Reeel" */ = {
			isa = XCConfigurationList;
			buildConfigurations = (
				767E79621AD61393003E9A23 /* Debug */,
				767E79631AD61393003E9A23 /* Release */,
			);
			defaultConfigurationIsVisible = 0;
			defaultConfigurationName = Release;
		};
		767E79641AD61393003E9A23 /* Build configuration list for PBXNativeTarget "ReeelTests" */ = {
			isa = XCConfigurationList;
			buildConfigurations = (
				767E79651AD61393003E9A23 /* Debug */,
				767E79661AD61393003E9A23 /* Release */,
			);
			defaultConfigurationIsVisible = 0;
			defaultConfigurationName = Release;
		};
/* End XCConfigurationList section */
	};
	rootObject = 767E79361AD61392003E9A23 /* Project object */;
}
